{
  "version": 4,
  "terraform_version": "0.13.1",
  "serial": 59,
  "lineage": "2d552a9f-561e-70db-1f0d-1ee125020ed6",
  "outputs": {},
  "resources": [
    {
      "mode": "managed",
      "type": "google_container_cluster",
      "name": "cluster",
      "provider": "provider[\"registry.terraform.io/hashicorp/google-beta\"]",
      "instances": [
        {
          "schema_version": 1,
          "attributes": {
            "additional_zones": [
              "us-central1-a",
              "us-central1-b",
              "us-central1-f"
            ],
            "addons_config": [
              {
                "cloudrun_config": [],
                "horizontal_pod_autoscaling": [],
                "http_load_balancing": [
                  {
                    "disabled": false
                  }
                ],
                "istio_config": [],
                "kubernetes_dashboard": [
                  {
                    "disabled": true
                  }
                ],
                "network_policy_config": [
                  {
                    "disabled": false
                  }
                ]
              }
            ],
            "authenticator_groups_config": [],
            "cluster_autoscaling": [
              {
                "enabled": false,
                "resource_limits": []
              }
            ],
            "cluster_ipv4_cidr": "10.64.0.0/16",
            "database_encryption": [
              {
                "key_name": "",
                "state": "DECRYPTED"
              }
            ],
            "default_max_pods_per_node": 110,
            "description": "",
            "enable_binary_authorization": false,
            "enable_intranode_visibility": false,
            "enable_kubernetes_alpha": false,
            "enable_legacy_abac": false,
            "enable_tpu": false,
            "endpoint": "35.184.140.214",
            "id": "rlt-test-286909-gke-cluster",
            "initial_node_count": 1,
            "instance_group_urls": [],
            "ip_allocation_policy": [
              {
                "cluster_ipv4_cidr_block": "10.64.0.0/16",
                "cluster_secondary_range_name": "gke-pods-1",
                "create_subnetwork": false,
                "node_ipv4_cidr_block": "10.0.0.0/24",
                "services_ipv4_cidr_block": "10.128.0.0/24",
                "services_secondary_range_name": "gke-services-1",
                "subnetwork_name": "",
                "use_ip_aliases": true
              }
            ],
            "location": "us-central1",
            "logging_service": "logging.googleapis.com/kubernetes",
            "maintenance_policy": [],
            "master_auth": [
              {
                "client_certificate": "",
                "client_certificate_config": [
                  {
                    "issue_client_certificate": false
                  }
                ],
                "client_key": "",
                "cluster_ca_certificate": "LS0tLS1CRUdJTiBDRVJUSUZJQ0FURS0tLS0tCk1JSURLekNDQWhPZ0F3SUJBZ0lSQU1lQ3VydnZobHFRMTJ3aHUvTEdwaXN3RFFZSktvWklodmNOQVFFTEJRQXcKTHpFdE1Dc0dBMVVFQXhNa05EUmpOMkkwWVRrdFlUTTBPQzAwTjJZM0xXRTFaRE10TnpRM09XUXdORFkxT1daaApNQjRYRFRJd01Ea3dNekUyTURJek1Gb1hEVEkxTURrd01qRTNNREl6TUZvd0x6RXRNQ3NHQTFVRUF4TWtORFJqCk4ySTBZVGt0WVRNME9DMDBOMlkzTFdFMVpETXROelEzT1dRd05EWTFPV1poTUlJQklqQU5CZ2txaGtpRzl3MEIKQVFFRkFBT0NBUThBTUlJQkNnS0NBUUVBbnpvdXV3QkhwMkJEdDJ2VzA2VzZFa3FNbkhnVVZMTkNFVmdrK3M5NgpiSUhZZ24rV2Ewa1RtMHcxNEIrVWV2QmVINXBSeTJnKys1K3g4ZEtuVk1wSjR5aVhSZEJDU0drNHZMZGxRSXNmCjRRWVZCZjYxbzEzdGU1amVEYXRYbG0vUEJjUE9UL3NjWmRLejFodU51TVBJY1VncHh4SE5kVFNiVWxKVkJTODUKajJBODF0YUhicU5NeGcvSWtJMG91M3kzakhEKzROclBGMUtHbm5YK2VhUHhOakpPdVZyOEVyc0UvYmMzcDBGbgpTRFI1K3FBL2N1QjJrNlI3YkVkTWZBcjBmdkdWSVJmTHpOS2p2VHFOQWdOZHVkYzVPNHVWSDBmZEZuSThuYlFFClk1dmZXTXJ6WnNvK1d0YWoxbWF4Vm5RV3hncDFpdlVpV2JXZWtEVDgrV1RRMXdJREFRQUJvMEl3UURBT0JnTlYKSFE4QkFmOEVCQU1DQWdRd0R3WURWUjBUQVFIL0JBVXdBd0VCL3pBZEJnTlZIUTRFRmdRVTRpVW1IT2FHdHJQbwo2bkFwRU9rSUVqYzlMb0l3RFFZSktvWklodmNOQVFFTEJRQURnZ0VCQUFpcno0Ti9uMm9GNHo3SWpXeGJhQmhtCi9aVncxVjNEdGpWcEtSMVpZbFVQcVY3cG1FZzhmOFFhZVdNMUt3b1JYenliQXlXa21qQ25zTy9IckpnTVdvb3AKYmd3d3VnSnB6N2lvUjhvcEtYUllNUVMvSXNOOS83NndVU3BibXkxTnFpT0VEVzhJMmRWWDVhckoxOUFOSDcrcQp0Z1hUYktvQlNYUGRvSlN6RnRkZ3ZXUWZwdHU3QUliclFWYlhmNk5Kd0ROeW5YUFkydVR6SHllUFlYWWRWcHlEClFrTXlGWDd3ckkxYTFXR09OamNmOVRna2o5SHVMSXIwaUF4enFkU1VyaTFSZC9LRHh0Ly9vSkpzOWp0SkY1UGwKMHdnMW9pOUE1Q28wYWhXMnllVHlrT3g0QTJtNzQxbW1BS05KOVlzNFc2bGZiWDFVMUdCa0gyTUY2LzNXRnhZPQotLS0tLUVORCBDRVJUSUZJQ0FURS0tLS0tCg==",
                "password": "",
                "username": ""
              }
            ],
            "master_authorized_networks_config": [
              {
                "cidr_blocks": [
                  {
                    "cidr_block": "0.0.0.0/0",
                    "display_name": "host cidr"
                  }
                ]
              }
            ],
            "master_version": "1.15.12-gke.2",
            "min_master_version": null,
            "monitoring_service": "monitoring.googleapis.com/kubernetes",
            "name": "rlt-test-286909-gke-cluster",
            "network": "projects/rlt-test-286909/global/networks/rlt-test-286909-vpc",
            "network_policy": [
              {
                "enabled": true,
                "provider": ""
              }
            ],
            "node_config": [],
            "node_locations": [
              "us-central1-a",
              "us-central1-b",
              "us-central1-f"
            ],
            "node_pool": [],
            "node_version": "1.15.12-gke.2",
            "pod_security_policy_config": [],
            "private_cluster_config": [
              {
                "enable_private_endpoint": false,
                "enable_private_nodes": true,
                "master_ipv4_cidr_block": "172.16.0.32/28",
                "private_endpoint": "172.16.0.34",
                "public_endpoint": "35.184.140.214"
              }
            ],
            "project": "rlt-test-286909",
            "region": "us-central1",
            "remove_default_node_pool": true,
            "resource_labels": null,
            "resource_usage_export_config": [],
            "services_ipv4_cidr": "10.128.0.0/24",
            "subnetwork": "projects/rlt-test-286909/regions/us-central1/subnetworks/rlt-test-286909-gke-vpc",
            "timeouts": {
              "create": "30m",
              "delete": "30m",
              "update": "30m"
            },
            "tpu_ipv4_cidr_block": "",
            "vertical_pod_autoscaling": [],
            "workload_identity_config": [
              {
                "identity_namespace": "rlt-test-286909.svc.id.goog"
              }
            ],
            "zone": null
          },
          "private": "eyJlMmJmYjczMC1lY2FhLTExZTYtOGY4OC0zNDM2M2JjN2M0YzAiOnsiY3JlYXRlIjoxODAwMDAwMDAwMDAwLCJkZWxldGUiOjE4MDAwMDAwMDAwMDAsInVwZGF0ZSI6MTgwMDAwMDAwMDAwMH0sInNjaGVtYV92ZXJzaW9uIjoiMSJ9"
        }
      ]
    },
    {
      "mode": "managed",
      "type": "google_container_node_pool",
      "name": "private-np-1",
      "provider": "provider[\"registry.terraform.io/hashicorp/google-beta\"]",
      "instances": [
        {
          "schema_version": 1,
          "attributes": {
            "autoscaling": [],
            "cluster": "rlt-test-286909-gke-cluster",
            "id": "us-central1/rlt-test-286909-gke-cluster/rlt-test-286909-node-pool",
            "initial_node_count": 1,
            "instance_group_urls": [
              "https://www.googleapis.com/compute/v1/projects/rlt-test-286909/zones/us-central1-b/instanceGroupManagers/gke-rlt-test-286909--rlt-test-286909--2e0d8b07-grp",
              "https://www.googleapis.com/compute/v1/projects/rlt-test-286909/zones/us-central1-f/instanceGroupManagers/gke-rlt-test-286909--rlt-test-286909--67e87895-grp",
              "https://www.googleapis.com/compute/v1/projects/rlt-test-286909/zones/us-central1-a/instanceGroupManagers/gke-rlt-test-286909--rlt-test-286909--6bbabbe8-grp"
            ],
            "location": "us-central1",
            "management": [
              {
                "auto_repair": true,
                "auto_upgrade": false
              }
            ],
            "max_pods_per_node": 110,
            "name": "rlt-test-286909-node-pool",
            "name_prefix": "",
            "node_config": [
              {
                "disk_size_gb": 30,
                "disk_type": "pd-ssd",
                "guest_accelerator": [],
                "image_type": "COS",
                "labels": {
                  "cluster": "rlt-test-286909-gke-cluster"
                },
                "local_ssd_count": 0,
                "machine_type": "n1-standard-2",
                "metadata": {
                  "disable-legacy-endpoints": "true",
                  "google-compute-enable-virtio-rng": "true"
                },
                "min_cpu_platform": "",
                "oauth_scopes": [
                  "https://www.googleapis.com/auth/devstorage.read_only",
                  "https://www.googleapis.com/auth/logging.write",
                  "https://www.googleapis.com/auth/monitoring",
                  "https://www.googleapis.com/auth/service.management.readonly",
                  "https://www.googleapis.com/auth/servicecontrol",
                  "https://www.googleapis.com/auth/trace.append"
                ],
                "preemptible": false,
                "sandbox_config": [],
                "service_account": "default",
                "tags": null,
                "taint": [],
                "workload_metadata_config": [
                  {
                    "node_metadata": "GKE_METADATA_SERVER"
                  }
                ]
              }
            ],
            "node_count": 1,
            "project": "rlt-test-286909",
            "region": "us-central1",
            "timeouts": null,
            "version": "1.15.12-gke.2",
            "zone": null
          },
          "private": "eyJlMmJmYjczMC1lY2FhLTExZTYtOGY4OC0zNDM2M2JjN2M0YzAiOnsiY3JlYXRlIjoxODAwMDAwMDAwMDAwLCJkZWxldGUiOjYwMDAwMDAwMDAwMCwidXBkYXRlIjo2MDAwMDAwMDAwMDB9LCJzY2hlbWFfdmVyc2lvbiI6IjEifQ==",
          "dependencies": [
            "google_container_cluster.cluster"
          ]
        }
      ]
    },
    {
      "mode": "managed",
      "type": "google_container_registry",
      "name": "registry",
      "provider": "provider[\"registry.terraform.io/hashicorp/google\"]",
      "instances": [
        {
          "schema_version": 0,
          "attributes": {
            "bucket_self_link": "https://www.googleapis.com/storage/v1/b/us.artifacts.rlt-test-286909.appspot.com",
            "id": "us.artifacts.rlt-test-286909.appspot.com",
            "location": "US",
            "project": "rlt-test-286909"
          },
          "private": "bnVsbA=="
        }
      ]
    }
  ]
}
